{
  "version": 4,
  "terraform_version": "1.12.2",
  "serial": 205,
  "lineage": "7a0c8a3c-e9ad-13e0-3799-d5a3897f8823",
  "outputs": {},
  "resources": [
    {
      "mode": "managed",
      "type": "aws_eip",
      "name": "mwaa_nat_eip",
      "provider": "provider[\"registry.terraform.io/hashicorp/aws\"]",
      "instances": [
        {
          "schema_version": 0,
          "attributes": {
            "address": null,
            "allocation_id": "eipalloc-08fc2c169e5ab84c7",
            "arn": "arn:aws:ec2:eu-central-1:562559070924:elastic-ip/eipalloc-08fc2c169e5ab84c7",
            "associate_with_private_ip": null,
            "association_id": "eipassoc-045384be75f95525e",
            "carrier_ip": "",
            "customer_owned_ip": "",
            "customer_owned_ipv4_pool": "",
            "domain": "vpc",
            "id": "eipalloc-08fc2c169e5ab84c7",
            "instance": "",
            "ipam_pool_id": null,
            "network_border_group": "eu-central-1",
            "network_interface": "eni-0070791c5fc7baa4c",
            "private_dns": "ip-10-0-3-192.eu-central-1.compute.internal",
            "private_ip": "10.0.3.192",
            "ptr_record": "",
            "public_dns": "ec2-3-121-2-146.eu-central-1.compute.amazonaws.com",
            "public_ip": "3.121.2.146",
            "public_ipv4_pool": "amazon",
            "region": "eu-central-1",
            "tags": {
              "Name": "driven_data-nat-eip"
            },
            "tags_all": {
              "Name": "driven_data-nat-eip"
            },
            "timeouts": null
          },
          "sensitive_attributes": [],
          "identity_schema_version": 0,
          "private": "eyJlMmJmYjczMC1lY2FhLTExZTYtOGY4OC0zNDM2M2JjN2M0YzAiOnsiZGVsZXRlIjoxODAwMDAwMDAwMDAsInJlYWQiOjkwMDAwMDAwMDAwMCwidXBkYXRlIjozMDAwMDAwMDAwMDB9fQ=="
        }
      ]
    },
    {
      "mode": "managed",
      "type": "aws_glue_catalog_database",
      "name": "driven_data_db_mykhailo",
      "provider": "provider[\"registry.terraform.io/hashicorp/aws\"]",
      "instances": [
        {
          "schema_version": 0,
          "attributes": {
            "arn": "arn:aws:glue:eu-central-1:562559070924:database/driven_data_db_mykhailo",
            "catalog_id": "562559070924",
            "create_table_default_permission": [
              {
                "permissions": [
                  "ALL"
                ],
                "principal": [
                  {
                    "data_lake_principal_identifier": "IAM_ALLOWED_PRINCIPALS"
                  }
                ]
              }
            ],
            "description": "Database for DrivenData data.",
            "federated_database": [],
            "id": "562559070924:driven_data_db_mykhailo",
            "location_uri": "",
            "name": "driven_data_db_mykhailo",
            "parameters": {},
            "region": "eu-central-1",
            "tags": {
              "Name": "driven_data"
            },
            "tags_all": {
              "Name": "driven_data"
            },
            "target_database": []
          },
          "sensitive_attributes": [],
          "identity_schema_version": 0,
          "private": "bnVsbA=="
        }
      ]
    },
    {
      "mode": "managed",
      "type": "aws_glue_crawler",
      "name": "raw_driven_data_crawler",
      "provider": "provider[\"registry.terraform.io/hashicorp/aws\"]",
      "instances": [
        {
          "schema_version": 0,
          "attributes": {
            "arn": "arn:aws:glue:eu-central-1:562559070924:crawler/raw_driven_data_crawler",
            "catalog_target": [],
            "classifiers": [],
            "configuration": "",
            "database_name": "driven_data_db_mykhailo",
            "delta_target": [],
            "description": "Crawls data in S3 and creates table in Glue database for raw data.",
            "dynamodb_target": [],
            "hudi_target": [],
            "iceberg_target": [],
            "id": "raw_driven_data_crawler",
            "jdbc_target": [],
            "lake_formation_configuration": [
              {
                "account_id": "",
                "use_lake_formation_credentials": false
              }
            ],
            "lineage_configuration": [
              {
                "crawler_lineage_settings": "DISABLE"
              }
            ],
            "mongodb_target": [],
            "name": "raw_driven_data_crawler",
            "recrawl_policy": [
              {
                "recrawl_behavior": "CRAWL_EVERYTHING"
              }
            ],
            "region": "eu-central-1",
            "role": "glue_execution_role_mykhailo",
            "s3_target": [
              {
                "connection_name": "",
                "dlq_event_queue_arn": "",
                "event_queue_arn": "",
                "exclusions": [],
                "path": "s3://driven-data-bucket-mykhailo-task5/data/raw/",
                "sample_size": 0
              }
            ],
            "schedule": "",
            "schema_change_policy": [
              {
                "delete_behavior": "DEPRECATE_IN_DATABASE",
                "update_behavior": "UPDATE_IN_DATABASE"
              }
            ],
            "security_configuration": "",
            "table_prefix": "",
            "tags": {
              "Name": "driven_data"
            },
            "tags_all": {
              "Name": "driven_data"
            }
          },
          "sensitive_attributes": [],
          "identity_schema_version": 0,
          "private": "bnVsbA==",
          "dependencies": [
            "aws_glue_catalog_database.driven_data_db_mykhailo",
            "aws_iam_role.glue_execution_role_mykhailo",
            "aws_s3_bucket.driven_data_bucket_mykhailo"
          ]
        }
      ]
    },
    {
      "mode": "managed",
      "type": "aws_glue_crawler",
      "name": "staging_dim_address_crawler",
      "provider": "provider[\"registry.terraform.io/hashicorp/aws\"]",
      "instances": [
        {
          "schema_version": 0,
          "attributes": {
            "arn": "arn:aws:glue:eu-central-1:562559070924:crawler/staging_dim_address_crawler",
            "catalog_target": [],
            "classifiers": [],
            "configuration": "",
            "database_name": "driven_data_db_mykhailo",
            "delta_target": [],
            "description": "Crawls data in S3 and creates table in Glue database for staging address.",
            "dynamodb_target": [],
            "hudi_target": [],
            "iceberg_target": [],
            "id": "staging_dim_address_crawler",
            "jdbc_target": [],
            "lake_formation_configuration": [
              {
                "account_id": "",
                "use_lake_formation_credentials": false
              }
            ],
            "lineage_configuration": [
              {
                "crawler_lineage_settings": "DISABLE"
              }
            ],
            "mongodb_target": [],
            "name": "staging_dim_address_crawler",
            "recrawl_policy": [
              {
                "recrawl_behavior": "CRAWL_EVERYTHING"
              }
            ],
            "region": "eu-central-1",
            "role": "glue_execution_role_mykhailo",
            "s3_target": [
              {
                "connection_name": "",
                "dlq_event_queue_arn": "",
                "event_queue_arn": "",
                "exclusions": [],
                "path": "s3://driven-data-bucket-mykhailo-task5/data/staging/dim_address/",
                "sample_size": 0
              }
            ],
            "schedule": "",
            "schema_change_policy": [
              {
                "delete_behavior": "DEPRECATE_IN_DATABASE",
                "update_behavior": "UPDATE_IN_DATABASE"
              }
            ],
            "security_configuration": "",
            "table_prefix": "",
            "tags": {
              "Name": "driven_data"
            },
            "tags_all": {
              "Name": "driven_data"
            }
          },
          "sensitive_attributes": [],
          "identity_schema_version": 0,
          "private": "bnVsbA==",
          "dependencies": [
            "aws_glue_catalog_database.driven_data_db_mykhailo",
            "aws_iam_role.glue_execution_role_mykhailo",
            "aws_s3_bucket.driven_data_bucket_mykhailo"
          ]
        }
      ]
    },
    {
      "mode": "managed",
      "type": "aws_glue_crawler",
      "name": "staging_dim_date_crawler",
      "provider": "provider[\"registry.terraform.io/hashicorp/aws\"]",
      "instances": [
        {
          "schema_version": 0,
          "attributes": {
            "arn": "arn:aws:glue:eu-central-1:562559070924:crawler/staging_dim_date_crawler",
            "catalog_target": [],
            "classifiers": [],
            "configuration": "",
            "database_name": "driven_data_db_mykhailo",
            "delta_target": [],
            "description": "Crawls data in S3 and creates table in Glue database for staging date.",
            "dynamodb_target": [],
            "hudi_target": [],
            "iceberg_target": [],
            "id": "staging_dim_date_crawler",
            "jdbc_target": [],
            "lake_formation_configuration": [
              {
                "account_id": "",
                "use_lake_formation_credentials": false
              }
            ],
            "lineage_configuration": [
              {
                "crawler_lineage_settings": "DISABLE"
              }
            ],
            "mongodb_target": [],
            "name": "staging_dim_date_crawler",
            "recrawl_policy": [
              {
                "recrawl_behavior": "CRAWL_EVERYTHING"
              }
            ],
            "region": "eu-central-1",
            "role": "glue_execution_role_mykhailo",
            "s3_target": [
              {
                "connection_name": "",
                "dlq_event_queue_arn": "",
                "event_queue_arn": "",
                "exclusions": [],
                "path": "s3://driven-data-bucket-mykhailo-task5/data/staging/dim_date/",
                "sample_size": 0
              }
            ],
            "schedule": "",
            "schema_change_policy": [
              {
                "delete_behavior": "DEPRECATE_IN_DATABASE",
                "update_behavior": "UPDATE_IN_DATABASE"
              }
            ],
            "security_configuration": "",
            "table_prefix": "",
            "tags": {
              "Name": "driven_data"
            },
            "tags_all": {
              "Name": "driven_data"
            }
          },
          "sensitive_attributes": [],
          "identity_schema_version": 0,
          "private": "bnVsbA==",
          "dependencies": [
            "aws_glue_catalog_database.driven_data_db_mykhailo",
            "aws_iam_role.glue_execution_role_mykhailo",
            "aws_s3_bucket.driven_data_bucket_mykhailo"
          ]
        }
      ]
    },
    {
      "mode": "managed",
      "type": "aws_glue_crawler",
      "name": "staging_dim_finance_crawler",
      "provider": "provider[\"registry.terraform.io/hashicorp/aws\"]",
      "instances": [
        {
          "schema_version": 0,
          "attributes": {
            "arn": "arn:aws:glue:eu-central-1:562559070924:crawler/staging_dim_finance_crawler",
            "catalog_target": [],
            "classifiers": [],
            "configuration": "",
            "database_name": "driven_data_db_mykhailo",
            "delta_target": [],
            "description": "Crawls data in S3 and creates table in Glue database for staging finance.",
            "dynamodb_target": [],
            "hudi_target": [],
            "iceberg_target": [],
            "id": "staging_dim_finance_crawler",
            "jdbc_target": [],
            "lake_formation_configuration": [
              {
                "account_id": "",
                "use_lake_formation_credentials": false
              }
            ],
            "lineage_configuration": [
              {
                "crawler_lineage_settings": "DISABLE"
              }
            ],
            "mongodb_target": [],
            "name": "staging_dim_finance_crawler",
            "recrawl_policy": [
              {
                "recrawl_behavior": "CRAWL_EVERYTHING"
              }
            ],
            "region": "eu-central-1",
            "role": "glue_execution_role_mykhailo",
            "s3_target": [
              {
                "connection_name": "",
                "dlq_event_queue_arn": "",
                "event_queue_arn": "",
                "exclusions": [],
                "path": "s3://driven-data-bucket-mykhailo-task5/data/staging/dim_finance/",
                "sample_size": 0
              }
            ],
            "schedule": "",
            "schema_change_policy": [
              {
                "delete_behavior": "DEPRECATE_IN_DATABASE",
                "update_behavior": "UPDATE_IN_DATABASE"
              }
            ],
            "security_configuration": "",
            "table_prefix": "",
            "tags": {
              "Name": "driven_data"
            },
            "tags_all": {
              "Name": "driven_data"
            }
          },
          "sensitive_attributes": [],
          "identity_schema_version": 0,
          "private": "bnVsbA==",
          "dependencies": [
            "aws_glue_catalog_database.driven_data_db_mykhailo",
            "aws_iam_role.glue_execution_role_mykhailo",
            "aws_s3_bucket.driven_data_bucket_mykhailo"
          ]
        }
      ]
    },
    {
      "mode": "managed",
      "type": "aws_glue_crawler",
      "name": "staging_dim_person_crawler",
      "provider": "provider[\"registry.terraform.io/hashicorp/aws\"]",
      "instances": [
        {
          "schema_version": 0,
          "attributes": {
            "arn": "arn:aws:glue:eu-central-1:562559070924:crawler/staging_dim_person_crawler",
            "catalog_target": [],
            "classifiers": [],
            "configuration": "",
            "database_name": "driven_data_db_mykhailo",
            "delta_target": [],
            "description": "Crawls data in S3 and creates table in Glue database for raw person.",
            "dynamodb_target": [],
            "hudi_target": [],
            "iceberg_target": [],
            "id": "staging_dim_person_crawler",
            "jdbc_target": [],
            "lake_formation_configuration": [
              {
                "account_id": "",
                "use_lake_formation_credentials": false
              }
            ],
            "lineage_configuration": [
              {
                "crawler_lineage_settings": "DISABLE"
              }
            ],
            "mongodb_target": [],
            "name": "staging_dim_person_crawler",
            "recrawl_policy": [
              {
                "recrawl_behavior": "CRAWL_EVERYTHING"
              }
            ],
            "region": "eu-central-1",
            "role": "glue_execution_role_mykhailo",
            "s3_target": [
              {
                "connection_name": "",
                "dlq_event_queue_arn": "",
                "event_queue_arn": "",
                "exclusions": [],
                "path": "s3://driven-data-bucket-mykhailo-task5/data/staging/dim_person/",
                "sample_size": 0
              }
            ],
            "schedule": "",
            "schema_change_policy": [
              {
                "delete_behavior": "DEPRECATE_IN_DATABASE",
                "update_behavior": "UPDATE_IN_DATABASE"
              }
            ],
            "security_configuration": "",
            "table_prefix": "",
            "tags": {
              "Name": "driven_data"
            },
            "tags_all": {
              "Name": "driven_data"
            }
          },
          "sensitive_attributes": [],
          "identity_schema_version": 0,
          "private": "bnVsbA==",
          "dependencies": [
            "aws_glue_catalog_database.driven_data_db_mykhailo",
            "aws_iam_role.glue_execution_role_mykhailo",
            "aws_s3_bucket.driven_data_bucket_mykhailo"
          ]
        }
      ]
    },
    {
      "mode": "managed",
      "type": "aws_glue_crawler",
      "name": "staging_fact_network_usage_crawler",
      "provider": "provider[\"registry.terraform.io/hashicorp/aws\"]",
      "instances": [
        {
          "schema_version": 0,
          "attributes": {
            "arn": "arn:aws:glue:eu-central-1:562559070924:crawler/staging_fact_network_usage_crawler",
            "catalog_target": [],
            "classifiers": [],
            "configuration": "",
            "database_name": "driven_data_db_mykhailo",
            "delta_target": [],
            "description": "Crawls data in S3 and creates table in Glue database for network usage.",
            "dynamodb_target": [],
            "hudi_target": [],
            "iceberg_target": [],
            "id": "staging_fact_network_usage_crawler",
            "jdbc_target": [],
            "lake_formation_configuration": [
              {
                "account_id": "",
                "use_lake_formation_credentials": false
              }
            ],
            "lineage_configuration": [
              {
                "crawler_lineage_settings": "DISABLE"
              }
            ],
            "mongodb_target": [],
            "name": "staging_fact_network_usage_crawler",
            "recrawl_policy": [
              {
                "recrawl_behavior": "CRAWL_EVERYTHING"
              }
            ],
            "region": "eu-central-1",
            "role": "glue_execution_role_mykhailo",
            "s3_target": [
              {
                "connection_name": "",
                "dlq_event_queue_arn": "",
                "event_queue_arn": "",
                "exclusions": [],
                "path": "s3://driven-data-bucket-mykhailo-task5/data/staging/fact_network_usage/",
                "sample_size": 0
              }
            ],
            "schedule": "",
            "schema_change_policy": [
              {
                "delete_behavior": "DEPRECATE_IN_DATABASE",
                "update_behavior": "UPDATE_IN_DATABASE"
              }
            ],
            "security_configuration": "",
            "table_prefix": "",
            "tags": {
              "Name": "driven_data"
            },
            "tags_all": {
              "Name": "driven_data"
            }
          },
          "sensitive_attributes": [],
          "identity_schema_version": 0,
          "private": "bnVsbA==",
          "dependencies": [
            "aws_glue_catalog_database.driven_data_db_mykhailo",
            "aws_iam_role.glue_execution_role_mykhailo",
            "aws_s3_bucket.driven_data_bucket_mykhailo"
          ]
        }
      ]
    },
    {
      "mode": "managed",
      "type": "aws_glue_job",
      "name": "staging_dim_address_glue",
      "provider": "provider[\"registry.terraform.io/hashicorp/aws\"]",
      "instances": [
        {
          "schema_version": 0,
          "attributes": {
            "arn": "arn:aws:glue:eu-central-1:562559070924:job/staging_dim_address_glue",
            "command": [
              {
                "name": "pythonshell",
                "python_version": "3.9",
                "runtime": "",
                "script_location": "s3://driven-data-bucket-mykhailo-task5/tasks/dim_address.py"
              }
            ],
            "connections": [],
            "default_arguments": {},
            "description": "Glue job to transform data from raw to staging address.",
            "execution_class": "",
            "execution_property": [
              {
                "max_concurrent_runs": 1
              }
            ],
            "glue_version": "4.0",
            "id": "staging_dim_address_glue",
            "job_run_queuing_enabled": false,
            "maintenance_window": "",
            "max_capacity": 0.0625,
            "max_retries": 0,
            "name": "staging_dim_address_glue",
            "non_overridable_arguments": {},
            "notification_property": [],
            "number_of_workers": 0,
            "region": "eu-central-1",
            "role_arn": "arn:aws:iam::562559070924:role/glue_execution_role_mykhailo",
            "security_configuration": "",
            "source_control_details": [],
            "tags": {
              "Name": "driven_data"
            },
            "tags_all": {
              "Name": "driven_data"
            },
            "timeout": 2880,
            "worker_type": ""
          },
          "sensitive_attributes": [],
          "identity_schema_version": 0,
          "private": "bnVsbA==",
          "dependencies": [
            "aws_iam_role.glue_execution_role_mykhailo",
            "aws_s3_bucket.driven_data_bucket_mykhailo"
          ]
        }
      ]
    },
    {
      "mode": "managed",
      "type": "aws_glue_job",
      "name": "staging_dim_date_glue",
      "provider": "provider[\"registry.terraform.io/hashicorp/aws\"]",
      "instances": [
        {
          "schema_version": 0,
          "attributes": {
            "arn": "arn:aws:glue:eu-central-1:562559070924:job/staging_dim_date_glue",
            "command": [
              {
                "name": "pythonshell",
                "python_version": "3.9",
                "runtime": "",
                "script_location": "s3://driven-data-bucket-mykhailo-task5/tasks/dim_date.py"
              }
            ],
            "connections": [],
            "default_arguments": {},
            "description": "Glue job to transform data from raw to staging date.",
            "execution_class": "",
            "execution_property": [
              {
                "max_concurrent_runs": 1
              }
            ],
            "glue_version": "4.0",
            "id": "staging_dim_date_glue",
            "job_run_queuing_enabled": false,
            "maintenance_window": "",
            "max_capacity": 0.0625,
            "max_retries": 0,
            "name": "staging_dim_date_glue",
            "non_overridable_arguments": {},
            "notification_property": [],
            "number_of_workers": 0,
            "region": "eu-central-1",
            "role_arn": "arn:aws:iam::562559070924:role/glue_execution_role_mykhailo",
            "security_configuration": "",
            "source_control_details": [],
            "tags": {
              "Name": "driven_data"
            },
            "tags_all": {
              "Name": "driven_data"
            },
            "timeout": 2880,
            "worker_type": ""
          },
          "sensitive_attributes": [],
          "identity_schema_version": 0,
          "private": "bnVsbA==",
          "dependencies": [
            "aws_iam_role.glue_execution_role_mykhailo",
            "aws_s3_bucket.driven_data_bucket_mykhailo"
          ]
        }
      ]
    },
    {
      "mode": "managed",
      "type": "aws_glue_job",
      "name": "staging_dim_finance_glue",
      "provider": "provider[\"registry.terraform.io/hashicorp/aws\"]",
      "instances": [
        {
          "schema_version": 0,
          "attributes": {
            "arn": "arn:aws:glue:eu-central-1:562559070924:job/staging_dim_finance_glue",
            "command": [
              {
                "name": "pythonshell",
                "python_version": "3.9",
                "runtime": "",
                "script_location": "s3://driven-data-bucket-mykhailo-task5/tasks/dim_finance.py"
              }
            ],
            "connections": [],
            "default_arguments": {},
            "description": "Glue job to transform data from raw to staging finance.",
            "execution_class": "",
            "execution_property": [
              {
                "max_concurrent_runs": 1
              }
            ],
            "glue_version": "4.0",
            "id": "staging_dim_finance_glue",
            "job_run_queuing_enabled": false,
            "maintenance_window": "",
            "max_capacity": 0.0625,
            "max_retries": 0,
            "name": "staging_dim_finance_glue",
            "non_overridable_arguments": {},
            "notification_property": [],
            "number_of_workers": 0,
            "region": "eu-central-1",
            "role_arn": "arn:aws:iam::562559070924:role/glue_execution_role_mykhailo",
            "security_configuration": "",
            "source_control_details": [],
            "tags": {
              "Name": "driven_data"
            },
            "tags_all": {
              "Name": "driven_data"
            },
            "timeout": 2880,
            "worker_type": ""
          },
          "sensitive_attributes": [],
          "identity_schema_version": 0,
          "private": "bnVsbA==",
          "dependencies": [
            "aws_iam_role.glue_execution_role_mykhailo",
            "aws_s3_bucket.driven_data_bucket_mykhailo"
          ]
        }
      ]
    },
    {
      "mode": "managed",
      "type": "aws_glue_job",
      "name": "staging_dim_person_glue",
      "provider": "provider[\"registry.terraform.io/hashicorp/aws\"]",
      "instances": [
        {
          "schema_version": 0,
          "attributes": {
            "arn": "arn:aws:glue:eu-central-1:562559070924:job/staging_dim_person_glue",
            "command": [
              {
                "name": "pythonshell",
                "python_version": "3.9",
                "runtime": "",
                "script_location": "s3://driven-data-bucket-mykhailo-task5/tasks/dim_person.py"
              }
            ],
            "connections": [],
            "default_arguments": {},
            "description": "Glue job to transform data from raw to staging person.",
            "execution_class": "",
            "execution_property": [
              {
                "max_concurrent_runs": 1
              }
            ],
            "glue_version": "4.0",
            "id": "staging_dim_person_glue",
            "job_run_queuing_enabled": false,
            "maintenance_window": "",
            "max_capacity": 0.0625,
            "max_retries": 0,
            "name": "staging_dim_person_glue",
            "non_overridable_arguments": {},
            "notification_property": [],
            "number_of_workers": 0,
            "region": "eu-central-1",
            "role_arn": "arn:aws:iam::562559070924:role/glue_execution_role_mykhailo",
            "security_configuration": "",
            "source_control_details": [],
            "tags": {
              "Name": "driven_data"
            },
            "tags_all": {
              "Name": "driven_data"
            },
            "timeout": 2880,
            "worker_type": ""
          },
          "sensitive_attributes": [],
          "identity_schema_version": 0,
          "private": "bnVsbA==",
          "dependencies": [
            "aws_iam_role.glue_execution_role_mykhailo",
            "aws_s3_bucket.driven_data_bucket_mykhailo"
          ]
        }
      ]
    },
    {
      "mode": "managed",
      "type": "aws_glue_job",
      "name": "staging_fact_network_usage_glue",
      "provider": "provider[\"registry.terraform.io/hashicorp/aws\"]",
      "instances": [
        {
          "schema_version": 0,
          "attributes": {
            "arn": "arn:aws:glue:eu-central-1:562559070924:job/staging_fact_network_usage_glue",
            "command": [
              {
                "name": "pythonshell",
                "python_version": "3.9",
                "runtime": "",
                "script_location": "s3://driven-data-bucket-mykhailo-task5/tasks/fact_network_usage.py"
              }
            ],
            "connections": [],
            "default_arguments": {},
            "description": "Glue job to transform data from raw to staging network usage.",
            "execution_class": "",
            "execution_property": [
              {
                "max_concurrent_runs": 1
              }
            ],
            "glue_version": "4.0",
            "id": "staging_fact_network_usage_glue",
            "job_run_queuing_enabled": false,
            "maintenance_window": "",
            "max_capacity": 0.0625,
            "max_retries": 0,
            "name": "staging_fact_network_usage_glue",
            "non_overridable_arguments": {},
            "notification_property": [],
            "number_of_workers": 0,
            "region": "eu-central-1",
            "role_arn": "arn:aws:iam::562559070924:role/glue_execution_role_mykhailo",
            "security_configuration": "",
            "source_control_details": [],
            "tags": {
              "Name": "driven_data"
            },
            "tags_all": {
              "Name": "driven_data"
            },
            "timeout": 2880,
            "worker_type": ""
          },
          "sensitive_attributes": [],
          "identity_schema_version": 0,
          "private": "bnVsbA==",
          "dependencies": [
            "aws_iam_role.glue_execution_role_mykhailo",
            "aws_s3_bucket.driven_data_bucket_mykhailo"
          ]
        }
      ]
    },
    {
      "mode": "managed",
      "type": "aws_iam_policy",
      "name": "glue_policy_mykhailo",
      "provider": "provider[\"registry.terraform.io/hashicorp/aws\"]",
      "instances": [
        {
          "schema_version": 0,
          "attributes": {
            "arn": "arn:aws:iam::562559070924:policy/glue_execution_policy_mykhailo",
            "attachment_count": 1,
            "description": "Policy for Glue permissions.",
            "id": "arn:aws:iam::562559070924:policy/glue_execution_policy_mykhailo",
            "name": "glue_execution_policy_mykhailo",
            "name_prefix": "",
            "path": "/",
            "policy": "{\"Statement\":[{\"Action\":[\"s3:GetObject\",\"s3:PutObject\",\"s3:ListBucket\"],\"Effect\":\"Allow\",\"Resource\":[\"arn:aws:s3:::driven-data-bucket-mykhailo-task5\",\"arn:aws:s3:::driven-data-bucket-mykhailo-task5/*\"]},{\"Action\":[\"glue:*\"],\"Effect\":\"Allow\",\"Resource\":[\"*\"]},{\"Action\":[\"logs:CreateLogGroup\",\"logs:CreateLogStream\",\"logs:PutLogEvents\"],\"Effect\":\"Allow\",\"Resource\":[\"*\"]},{\"Action\":[\"cloudwatch:*\"],\"Effect\":\"Allow\",\"Resource\":[\"*\"]}],\"Version\":\"2012-10-17\"}",
            "policy_id": "ANPAYF6ZCGLGKUAUE6CJX",
            "tags": {},
            "tags_all": {}
          },
          "sensitive_attributes": [],
          "identity_schema_version": 0,
          "private": "bnVsbA=="
        }
      ]
    },
    {
      "mode": "managed",
      "type": "aws_iam_policy",
      "name": "mwaa_policy_mykhailo",
      "provider": "provider[\"registry.terraform.io/hashicorp/aws\"]",
      "instances": [
        {
          "schema_version": 0,
          "attributes": {
            "arn": "arn:aws:iam::562559070924:policy/mwaa_execution_policy_mykhailo",
            "attachment_count": 1,
            "description": "Policy for MWAA permissions.",
            "id": "arn:aws:iam::562559070924:policy/mwaa_execution_policy_mykhailo",
            "name": "mwaa_execution_policy_mykhailo",
            "name_prefix": "",
            "path": "/",
            "policy": "{\"Statement\":[{\"Action\":\"airflow:PublishMetrics\",\"Effect\":\"Allow\",\"Resource\":\"arn:aws:airflow:eu-central-1:562559070924:environment/driven-data-airflow-environment-mykhailo-task5\"},{\"Action\":\"s3:ListAllMyBuckets\",\"Effect\":\"Deny\",\"Resource\":\"*\"},{\"Action\":[\"s3:GetObject*\",\"s3:GetBucket*\",\"s3:List*\"],\"Effect\":\"Allow\",\"Resource\":[\"arn:aws:s3:::driven-data-bucket-mykhailo-task5\",\"arn:aws:s3:::driven-data-bucket-mykhailo-task5/*\"]},{\"Action\":[\"logs:CreateLogStream\",\"logs:CreateLogGroup\",\"logs:PutLogEvents\",\"logs:GetLogEvents\",\"logs:GetLogRecord\",\"logs:GetLogGroupFields\",\"logs:GetQueryResults\"],\"Effect\":\"Allow\",\"Resource\":[\"arn:aws:logs:eu-central-1:562559070924:log-group:airflow-driven-data-airflow-environment-mykhailo-task5-*\"]},{\"Action\":[\"logs:DescribeLogGroups\"],\"Effect\":\"Allow\",\"Resource\":[\"*\"]},{\"Action\":[\"s3:GetAccountPublicAccessBlock\"],\"Effect\":\"Allow\",\"Resource\":[\"*\"]},{\"Action\":\"cloudwatch:PutMetricData\",\"Effect\":\"Allow\",\"Resource\":\"*\"},{\"Action\":[\"sqs:ChangeMessageVisibility\",\"sqs:DeleteMessage\",\"sqs:GetQueueAttributes\",\"sqs:GetQueueUrl\",\"sqs:ReceiveMessage\",\"sqs:SendMessage\"],\"Effect\":\"Allow\",\"Resource\":\"arn:aws:sqs:eu-central-1:*:airflow-celery-*\"},{\"Action\":[\"kms:Decrypt\",\"kms:DescribeKey\",\"kms:GenerateDataKey*\",\"kms:Encrypt\"],\"Condition\":{\"StringLike\":{\"kms:ViaService\":[\"sqs.eu-central-1.amazonaws.com\"]}},\"Effect\":\"Allow\",\"NotResource\":\"arn:aws:kms:*:562559070924:key/*\"},{\"Action\":[\"glue:GetJob\",\"glue:StartJobRun\",\"glue:GetJobRun\",\"glue:GetCrawler\",\"glue:StartCrawler\",\"glue:GetCrawlerMetrics\"],\"Effect\":\"Allow\",\"Resource\":[\"*\"]}],\"Version\":\"2012-10-17\"}",
            "policy_id": "ANPAYF6ZCGLGF7L7DCAQC",
            "tags": {},
            "tags_all": {}
          },
          "sensitive_attributes": [],
          "identity_schema_version": 0,
          "private": "bnVsbA=="
        }
      ]
    },
    {
      "mode": "managed",
      "type": "aws_iam_role",
      "name": "glue_execution_role_mykhailo",
      "provider": "provider[\"registry.terraform.io/hashicorp/aws\"]",
      "instances": [
        {
          "schema_version": 0,
          "attributes": {
            "arn": "arn:aws:iam::562559070924:role/glue_execution_role_mykhailo",
            "assume_role_policy": "{\"Statement\":[{\"Action\":\"sts:AssumeRole\",\"Effect\":\"Allow\",\"Principal\":{\"Service\":[\"glue.amazonaws.com\"]}}],\"Version\":\"2012-10-17\"}",
            "create_date": "2025-06-19T18:38:24Z",
            "description": "Role for Glue execution.",
            "force_detach_policies": false,
            "id": "glue_execution_role_mykhailo",
            "inline_policy": [],
            "managed_policy_arns": [
              "arn:aws:iam::562559070924:policy/glue_execution_policy_mykhailo"
            ],
            "max_session_duration": 3600,
            "name": "glue_execution_role_mykhailo",
            "name_prefix": "",
            "path": "/",
            "permissions_boundary": "",
            "tags": {
              "Name": "driven_data"
            },
            "tags_all": {
              "Name": "driven_data"
            },
            "unique_id": "AROAYF6ZCGLGNBSDPQKI6"
          },
          "sensitive_attributes": [],
          "identity_schema_version": 0,
          "identity": {
            "account_id": "562559070924",
            "name": "glue_execution_role_mykhailo"
          },
          "private": "bnVsbA=="
        }
      ]
    },
    {
      "mode": "managed",
      "type": "aws_iam_role",
      "name": "mwaa_execution_role_mykhailo",
      "provider": "provider[\"registry.terraform.io/hashicorp/aws\"]",
      "instances": [
        {
          "schema_version": 0,
          "attributes": {
            "arn": "arn:aws:iam::562559070924:role/mwaa_execution_role_mykhailo",
            "assume_role_policy": "{\"Statement\":[{\"Action\":\"sts:AssumeRole\",\"Effect\":\"Allow\",\"Principal\":{\"Service\":[\"airflow.amazonaws.com\",\"airflow-env.amazonaws.com\"]}}],\"Version\":\"2012-10-17\"}",
            "create_date": "2025-06-19T18:38:24Z",
            "description": "Role for MWAA execution.",
            "force_detach_policies": false,
            "id": "mwaa_execution_role_mykhailo",
            "inline_policy": [],
            "managed_policy_arns": [
              "arn:aws:iam::562559070924:policy/mwaa_execution_policy_mykhailo"
            ],
            "max_session_duration": 3600,
            "name": "mwaa_execution_role_mykhailo",
            "name_prefix": "",
            "path": "/",
            "permissions_boundary": "",
            "tags": {
              "Name": "driven_data"
            },
            "tags_all": {
              "Name": "driven_data"
            },
            "unique_id": "AROAYF6ZCGLGMTNFAIRS5"
          },
          "sensitive_attributes": [],
          "identity_schema_version": 0,
          "identity": {
            "account_id": "562559070924",
            "name": "mwaa_execution_role_mykhailo"
          },
          "private": "bnVsbA=="
        }
      ]
    },
    {
      "mode": "managed",
      "type": "aws_iam_role_policy_attachment",
      "name": "glue_role_policy_attachment",
      "provider": "provider[\"registry.terraform.io/hashicorp/aws\"]",
      "instances": [
        {
          "schema_version": 0,
          "attributes": {
            "id": "glue_execution_role_mykhailo-20250619183822608400000001",
            "policy_arn": "arn:aws:iam::562559070924:policy/glue_execution_policy_mykhailo",
            "role": "glue_execution_role_mykhailo"
          },
          "sensitive_attributes": [],
          "identity_schema_version": 0,
          "private": "bnVsbA==",
          "dependencies": [
            "aws_iam_policy.glue_policy_mykhailo",
            "aws_iam_role.glue_execution_role_mykhailo"
          ]
        }
      ]
    },
    {
      "mode": "managed",
      "type": "aws_iam_role_policy_attachment",
      "name": "mwaa_role_policy_attachment",
      "provider": "provider[\"registry.terraform.io/hashicorp/aws\"]",
      "instances": [
        {
          "schema_version": 0,
          "attributes": {
            "id": "mwaa_execution_role_mykhailo-20250619183822610700000002",
            "policy_arn": "arn:aws:iam::562559070924:policy/mwaa_execution_policy_mykhailo",
            "role": "mwaa_execution_role_mykhailo"
          },
          "sensitive_attributes": [],
          "identity_schema_version": 0,
          "private": "bnVsbA==",
          "dependencies": [
            "aws_iam_policy.mwaa_policy_mykhailo",
            "aws_iam_role.mwaa_execution_role_mykhailo"
          ]
        }
      ]
    },
    {
      "mode": "managed",
      "type": "aws_internet_gateway",
      "name": "mwaa_igw",
      "provider": "provider[\"registry.terraform.io/hashicorp/aws\"]",
      "instances": [
        {
          "schema_version": 0,
          "attributes": {
            "arn": "arn:aws:ec2:eu-central-1:562559070924:internet-gateway/igw-0fe5396853d84a70a",
            "id": "igw-0fe5396853d84a70a",
            "owner_id": "562559070924",
            "region": "eu-central-1",
            "tags": {
              "Name": "driven_data"
            },
            "tags_all": {
              "Name": "driven_data"
            },
            "timeouts": null,
            "vpc_id": "vpc-072d3eba6a11059e9"
          },
          "sensitive_attributes": [],
          "identity_schema_version": 0,
          "private": "eyJlMmJmYjczMC1lY2FhLTExZTYtOGY4OC0zNDM2M2JjN2M0YzAiOnsiY3JlYXRlIjoxMjAwMDAwMDAwMDAwLCJkZWxldGUiOjEyMDAwMDAwMDAwMDAsInVwZGF0ZSI6MTIwMDAwMDAwMDAwMH19",
          "dependencies": [
            "aws_vpc.mwaa_vpc"
          ]
        }
      ]
    },
    {
      "mode": "managed",
      "type": "aws_mwaa_environment",
      "name": "mwaa_env",
      "provider": "provider[\"registry.terraform.io/hashicorp/aws\"]",
      "instances": [
        {
          "status": "tainted",
          "schema_version": 0,
          "attributes": {
            "airflow_configuration_options": {},
            "airflow_version": "2.9.2",
            "arn": "arn:aws:airflow:eu-central-1:562559070924:environment/driven-data-airflow-environment-mykhailo-task5",
            "created_at": "2025-06-19 20:30:33 +0000 UTC",
            "dag_s3_path": "dags",
            "database_vpc_endpoint_service": "",
            "endpoint_management": "SERVICE",
            "environment_class": "mw1.small",
            "execution_role_arn": "arn:aws:iam::562559070924:role/mwaa_execution_role_mykhailo",
            "id": "driven-data-airflow-environment-mykhailo-task5",
            "kms_key": "",
            "last_updated": [
              {
                "created_at": "2025-06-19 20:30:33 +0000 UTC",
                "error": [],
                "status": "PENDING"
              }
            ],
            "logging_configuration": [
              {
                "dag_processing_logs": [
                  {
                    "cloud_watch_log_group_arn": "",
                    "enabled": true,
                    "log_level": "INFO"
                  }
                ],
                "scheduler_logs": [
                  {
                    "cloud_watch_log_group_arn": "",
                    "enabled": true,
                    "log_level": "INFO"
                  }
                ],
                "task_logs": [
                  {
                    "cloud_watch_log_group_arn": "",
                    "enabled": true,
                    "log_level": "INFO"
                  }
                ],
                "webserver_logs": [
                  {
                    "cloud_watch_log_group_arn": "",
                    "enabled": true,
                    "log_level": "INFO"
                  }
                ],
                "worker_logs": [
                  {
                    "cloud_watch_log_group_arn": "",
                    "enabled": true,
                    "log_level": "INFO"
                  }
                ]
              }
            ],
            "max_webservers": 2,
            "max_workers": 5,
            "min_webservers": 2,
            "min_workers": 1,
            "name": "driven-data-airflow-environment-mykhailo-task5",
            "network_configuration": [
              {
                "security_group_ids": [
                  "sg-0d77f260b76c080fc"
                ],
                "subnet_ids": [
                  "subnet-0252d867162257d09",
                  "subnet-0b16521b91001e1c0"
                ]
              }
            ],
            "plugins_s3_object_version": "",
            "plugins_s3_path": "",
            "region": "eu-central-1",
            "requirements_s3_object_version": "2QUDU0XK.Sgk9WX2m_NnAww.KJLRa0ct",
            "requirements_s3_path": "requirements.txt",
            "schedulers": 2,
            "service_role_arn": "arn:aws:iam::562559070924:role/aws-service-role/airflow.amazonaws.com/AWSServiceRoleForAmazonMWAA",
            "source_bucket_arn": "arn:aws:s3:::driven-data-bucket-mykhailo-task5",
            "startup_script_s3_object_version": "",
            "startup_script_s3_path": "",
            "status": "CREATING",
            "tags": {
              "Name": "driven_data"
            },
            "tags_all": {
              "Name": "driven_data"
            },
            "timeouts": null,
            "webserver_access_mode": "PUBLIC_ONLY",
            "webserver_url": "",
            "webserver_vpc_endpoint_service": "",
            "weekly_maintenance_window_start": "THU:22:00"
          },
          "sensitive_attributes": [
            [
              {
                "type": "get_attr",
                "value": "airflow_configuration_options"
              }
            ]
          ],
          "identity_schema_version": 0,
          "private": "eyJlMmJmYjczMC1lY2FhLTExZTYtOGY4OC0zNDM2M2JjN2M0YzAiOnsiY3JlYXRlIjo3MjAwMDAwMDAwMDAwLCJkZWxldGUiOjU0MDAwMDAwMDAwMDAsInVwZGF0ZSI6NTQwMDAwMDAwMDAwMH19",
          "dependencies": [
            "aws_iam_role.mwaa_execution_role_mykhailo",
            "aws_s3_bucket.driven_data_bucket_mykhailo",
            "aws_security_group.mwaa_sg",
            "aws_subnet.private_subnet_1",
            "aws_subnet.private_subnet_2",
            "aws_vpc.mwaa_vpc"
          ]
        }
      ]
    },
    {
      "mode": "managed",
      "type": "aws_nat_gateway",
      "name": "mwaa_nat",
      "provider": "provider[\"registry.terraform.io/hashicorp/aws\"]",
      "instances": [
        {
          "schema_version": 0,
          "attributes": {
            "allocation_id": "eipalloc-08fc2c169e5ab84c7",
            "association_id": "eipassoc-045384be75f95525e",
            "connectivity_type": "public",
            "id": "nat-0212bca64a49fe44b",
            "network_interface_id": "eni-0070791c5fc7baa4c",
            "private_ip": "10.0.3.192",
            "public_ip": "3.121.2.146",
            "region": "eu-central-1",
            "secondary_allocation_ids": [],
            "secondary_private_ip_address_count": 0,
            "secondary_private_ip_addresses": [],
            "subnet_id": "subnet-0cb32350616d3160f",
            "tags": {
              "Name": "driven_data"
            },
            "tags_all": {
              "Name": "driven_data"
            },
            "timeouts": null
          },
          "sensitive_attributes": [],
          "identity_schema_version": 0,
          "private": "eyJlMmJmYjczMC1lY2FhLTExZTYtOGY4OC0zNDM2M2JjN2M0YzAiOnsiY3JlYXRlIjo2MDAwMDAwMDAwMDAsImRlbGV0ZSI6MTgwMDAwMDAwMDAwMCwidXBkYXRlIjo2MDAwMDAwMDAwMDB9fQ==",
          "dependencies": [
            "aws_eip.mwaa_nat_eip",
            "aws_subnet.public_subnet_1",
            "aws_vpc.mwaa_vpc"
          ]
        }
      ]
    },
    {
      "mode": "managed",
      "type": "aws_route_table",
      "name": "private_route_table",
      "provider": "provider[\"registry.terraform.io/hashicorp/aws\"]",
      "instances": [
        {
          "schema_version": 0,
          "attributes": {
            "arn": "arn:aws:ec2:eu-central-1:562559070924:route-table/rtb-0d5d7c7a4b1a0da41",
            "id": "rtb-0d5d7c7a4b1a0da41",
            "owner_id": "562559070924",
            "propagating_vgws": [],
            "region": "eu-central-1",
            "route": [
              {
                "carrier_gateway_id": "",
                "cidr_block": "0.0.0.0/0",
                "core_network_arn": "",
                "destination_prefix_list_id": "",
                "egress_only_gateway_id": "",
                "gateway_id": "",
                "ipv6_cidr_block": "",
                "local_gateway_id": "",
                "nat_gateway_id": "nat-0212bca64a49fe44b",
                "network_interface_id": "",
                "transit_gateway_id": "",
                "vpc_endpoint_id": "",
                "vpc_peering_connection_id": ""
              }
            ],
            "tags": {
              "Name": "driven_data-private"
            },
            "tags_all": {
              "Name": "driven_data-private"
            },
            "timeouts": null,
            "vpc_id": "vpc-072d3eba6a11059e9"
          },
          "sensitive_attributes": [],
          "identity_schema_version": 0,
          "private": "eyJlMmJmYjczMC1lY2FhLTExZTYtOGY4OC0zNDM2M2JjN2M0YzAiOnsiY3JlYXRlIjozMDAwMDAwMDAwMDAsImRlbGV0ZSI6MzAwMDAwMDAwMDAwLCJ1cGRhdGUiOjEyMDAwMDAwMDAwMH19",
          "dependencies": [
            "aws_eip.mwaa_nat_eip",
            "aws_nat_gateway.mwaa_nat",
            "aws_subnet.public_subnet_1",
            "aws_vpc.mwaa_vpc"
          ]
        }
      ]
    },
    {
      "mode": "managed",
      "type": "aws_route_table",
      "name": "public_route_table",
      "provider": "provider[\"registry.terraform.io/hashicorp/aws\"]",
      "instances": [
        {
          "schema_version": 0,
          "attributes": {
            "arn": "arn:aws:ec2:eu-central-1:562559070924:route-table/rtb-0cbeae5d55c4b18c3",
            "id": "rtb-0cbeae5d55c4b18c3",
            "owner_id": "562559070924",
            "propagating_vgws": [],
            "region": "eu-central-1",
            "route": [
              {
                "carrier_gateway_id": "",
                "cidr_block": "0.0.0.0/0",
                "core_network_arn": "",
                "destination_prefix_list_id": "",
                "egress_only_gateway_id": "",
                "gateway_id": "igw-0fe5396853d84a70a",
                "ipv6_cidr_block": "",
                "local_gateway_id": "",
                "nat_gateway_id": "",
                "network_interface_id": "",
                "transit_gateway_id": "",
                "vpc_endpoint_id": "",
                "vpc_peering_connection_id": ""
              }
            ],
            "tags": {
              "Name": "driven_data-public"
            },
            "tags_all": {
              "Name": "driven_data-public"
            },
            "timeouts": null,
            "vpc_id": "vpc-072d3eba6a11059e9"
          },
          "sensitive_attributes": [],
          "identity_schema_version": 0,
          "private": "eyJlMmJmYjczMC1lY2FhLTExZTYtOGY4OC0zNDM2M2JjN2M0YzAiOnsiY3JlYXRlIjozMDAwMDAwMDAwMDAsImRlbGV0ZSI6MzAwMDAwMDAwMDAwLCJ1cGRhdGUiOjEyMDAwMDAwMDAwMH19",
          "dependencies": [
            "aws_internet_gateway.mwaa_igw",
            "aws_vpc.mwaa_vpc"
          ]
        }
      ]
    },
    {
      "mode": "managed",
      "type": "aws_route_table_association",
      "name": "private_subnet_1_assoc",
      "provider": "provider[\"registry.terraform.io/hashicorp/aws\"]",
      "instances": [
        {
          "schema_version": 0,
          "attributes": {
            "gateway_id": "",
            "id": "rtbassoc-063d0874c7bc3eb0a",
            "region": "eu-central-1",
            "route_table_id": "rtb-0d5d7c7a4b1a0da41",
            "subnet_id": "subnet-0252d867162257d09",
            "timeouts": null
          },
          "sensitive_attributes": [],
          "identity_schema_version": 0,
          "private": "eyJlMmJmYjczMC1lY2FhLTExZTYtOGY4OC0zNDM2M2JjN2M0YzAiOnsiY3JlYXRlIjozMDAwMDAwMDAwMDAsImRlbGV0ZSI6MzAwMDAwMDAwMDAwLCJ1cGRhdGUiOjEyMDAwMDAwMDAwMH19",
          "dependencies": [
            "aws_eip.mwaa_nat_eip",
            "aws_nat_gateway.mwaa_nat",
            "aws_route_table.private_route_table",
            "aws_subnet.private_subnet_1",
            "aws_subnet.public_subnet_1",
            "aws_vpc.mwaa_vpc"
          ]
        }
      ]
    },
    {
      "mode": "managed",
      "type": "aws_route_table_association",
      "name": "private_subnet_2_assoc",
      "provider": "provider[\"registry.terraform.io/hashicorp/aws\"]",
      "instances": [
        {
          "schema_version": 0,
          "attributes": {
            "gateway_id": "",
            "id": "rtbassoc-0571f1a63f3af9fb4",
            "region": "eu-central-1",
            "route_table_id": "rtb-0d5d7c7a4b1a0da41",
            "subnet_id": "subnet-0b16521b91001e1c0",
            "timeouts": null
          },
          "sensitive_attributes": [],
          "identity_schema_version": 0,
          "private": "eyJlMmJmYjczMC1lY2FhLTExZTYtOGY4OC0zNDM2M2JjN2M0YzAiOnsiY3JlYXRlIjozMDAwMDAwMDAwMDAsImRlbGV0ZSI6MzAwMDAwMDAwMDAwLCJ1cGRhdGUiOjEyMDAwMDAwMDAwMH19",
          "dependencies": [
            "aws_eip.mwaa_nat_eip",
            "aws_nat_gateway.mwaa_nat",
            "aws_route_table.private_route_table",
            "aws_subnet.private_subnet_2",
            "aws_subnet.public_subnet_1",
            "aws_vpc.mwaa_vpc"
          ]
        }
      ]
    },
    {
      "mode": "managed",
      "type": "aws_route_table_association",
      "name": "public_subnet_1_assoc",
      "provider": "provider[\"registry.terraform.io/hashicorp/aws\"]",
      "instances": [
        {
          "schema_version": 0,
          "attributes": {
            "gateway_id": "",
            "id": "rtbassoc-0446e54a5f9439a82",
            "region": "eu-central-1",
            "route_table_id": "rtb-0cbeae5d55c4b18c3",
            "subnet_id": "subnet-0cb32350616d3160f",
            "timeouts": null
          },
          "sensitive_attributes": [],
          "identity_schema_version": 0,
          "private": "eyJlMmJmYjczMC1lY2FhLTExZTYtOGY4OC0zNDM2M2JjN2M0YzAiOnsiY3JlYXRlIjozMDAwMDAwMDAwMDAsImRlbGV0ZSI6MzAwMDAwMDAwMDAwLCJ1cGRhdGUiOjEyMDAwMDAwMDAwMH19",
          "dependencies": [
            "aws_internet_gateway.mwaa_igw",
            "aws_route_table.public_route_table",
            "aws_subnet.public_subnet_1",
            "aws_vpc.mwaa_vpc"
          ]
        }
      ]
    },
    {
      "mode": "managed",
      "type": "aws_route_table_association",
      "name": "public_subnet_2_assoc",
      "provider": "provider[\"registry.terraform.io/hashicorp/aws\"]",
      "instances": [
        {
          "schema_version": 0,
          "attributes": {
            "gateway_id": "",
            "id": "rtbassoc-02a427795eb257909",
            "region": "eu-central-1",
            "route_table_id": "rtb-0cbeae5d55c4b18c3",
            "subnet_id": "subnet-0c5d215846d948826",
            "timeouts": null
          },
          "sensitive_attributes": [],
          "identity_schema_version": 0,
          "private": "eyJlMmJmYjczMC1lY2FhLTExZTYtOGY4OC0zNDM2M2JjN2M0YzAiOnsiY3JlYXRlIjozMDAwMDAwMDAwMDAsImRlbGV0ZSI6MzAwMDAwMDAwMDAwLCJ1cGRhdGUiOjEyMDAwMDAwMDAwMH19",
          "dependencies": [
            "aws_internet_gateway.mwaa_igw",
            "aws_route_table.public_route_table",
            "aws_subnet.public_subnet_2",
            "aws_vpc.mwaa_vpc"
          ]
        }
      ]
    },
    {
      "mode": "managed",
      "type": "aws_s3_bucket",
      "name": "driven_data_bucket_mykhailo",
      "provider": "provider[\"registry.terraform.io/hashicorp/aws\"]",
      "instances": [
        {
          "schema_version": 0,
          "attributes": {
            "acceleration_status": "",
            "acl": null,
            "arn": "arn:aws:s3:::driven-data-bucket-mykhailo-task5",
            "bucket": "driven-data-bucket-mykhailo-task5",
            "bucket_domain_name": "driven-data-bucket-mykhailo-task5.s3.amazonaws.com",
            "bucket_prefix": "",
            "bucket_region": "eu-central-1",
            "bucket_regional_domain_name": "driven-data-bucket-mykhailo-task5.s3.eu-central-1.amazonaws.com",
            "cors_rule": [],
            "force_destroy": false,
            "grant": [
              {
                "id": "79b559550e1406893e23aad8a14fe03bd041e359e02a66b75ee779a346f859be",
                "permissions": [
                  "FULL_CONTROL"
                ],
                "type": "CanonicalUser",
                "uri": ""
              }
            ],
            "hosted_zone_id": "Z21DNDUVLTQW6Q",
            "id": "driven-data-bucket-mykhailo-task5",
            "lifecycle_rule": [],
            "logging": [],
            "object_lock_configuration": [],
            "object_lock_enabled": false,
            "policy": "",
            "region": "eu-central-1",
            "replication_configuration": [],
            "request_payer": "BucketOwner",
            "server_side_encryption_configuration": [
              {
                "rule": [
                  {
                    "apply_server_side_encryption_by_default": [
                      {
                        "kms_master_key_id": "",
                        "sse_algorithm": "AES256"
                      }
                    ],
                    "bucket_key_enabled": false
                  }
                ]
              }
            ],
            "tags": {
              "Name": "driven_data"
            },
            "tags_all": {
              "Name": "driven_data"
            },
            "timeouts": null,
            "versioning": [
              {
                "enabled": true,
                "mfa_delete": false
              }
            ],
            "website": [],
            "website_domain": null,
            "website_endpoint": null
          },
          "sensitive_attributes": [],
          "identity_schema_version": 0,
          "identity": {
            "account_id": "562559070924",
            "bucket": "driven-data-bucket-mykhailo-task5",
            "region": "eu-central-1"
          },
          "private": "eyJlMmJmYjczMC1lY2FhLTExZTYtOGY4OC0zNDM2M2JjN2M0YzAiOnsiY3JlYXRlIjoxMjAwMDAwMDAwMDAwLCJkZWxldGUiOjM2MDAwMDAwMDAwMDAsInJlYWQiOjEyMDAwMDAwMDAwMDAsInVwZGF0ZSI6MTIwMDAwMDAwMDAwMH19"
        }
      ]
    },
    {
      "mode": "managed",
      "type": "aws_s3_bucket_acl",
      "name": "s3_bucket_acl",
      "provider": "provider[\"registry.terraform.io/hashicorp/aws\"]",
      "instances": [
        {
          "schema_version": 0,
          "attributes": {
            "access_control_policy": [
              {
                "grant": [
                  {
                    "grantee": [
                      {
                        "display_name": "",
                        "email_address": "",
                        "id": "79b559550e1406893e23aad8a14fe03bd041e359e02a66b75ee779a346f859be",
                        "type": "CanonicalUser",
                        "uri": ""
                      }
                    ],
                    "permission": "FULL_CONTROL"
                  }
                ],
                "owner": [
                  {
                    "display_name": "",
                    "id": "79b559550e1406893e23aad8a14fe03bd041e359e02a66b75ee779a346f859be"
                  }
                ]
              }
            ],
            "acl": "private",
            "bucket": "driven-data-bucket-mykhailo-task5",
            "expected_bucket_owner": "",
            "id": "driven-data-bucket-mykhailo-task5,private",
            "region": "eu-central-1"
          },
          "sensitive_attributes": [],
          "identity_schema_version": 0,
          "private": "bnVsbA==",
          "dependencies": [
            "aws_s3_bucket.driven_data_bucket_mykhailo",
            "aws_s3_bucket_ownership_controls.s3_bucket_acl_ownership"
          ]
        }
      ]
    },
    {
      "mode": "managed",
      "type": "aws_s3_bucket_ownership_controls",
      "name": "s3_bucket_acl_ownership",
      "provider": "provider[\"registry.terraform.io/hashicorp/aws\"]",
      "instances": [
        {
          "schema_version": 0,
          "attributes": {
            "bucket": "driven-data-bucket-mykhailo-task5",
            "id": "driven-data-bucket-mykhailo-task5",
            "region": "eu-central-1",
            "rule": [
              {
                "object_ownership": "ObjectWriter"
              }
            ]
          },
          "sensitive_attributes": [],
          "identity_schema_version": 0,
          "private": "bnVsbA==",
          "dependencies": [
            "aws_s3_bucket.driven_data_bucket_mykhailo"
          ]
        }
      ]
    },
    {
      "mode": "managed",
      "type": "aws_s3_bucket_public_access_block",
      "name": "public_access_block",
      "provider": "provider[\"registry.terraform.io/hashicorp/aws\"]",
      "instances": [
        {
          "schema_version": 0,
          "attributes": {
            "block_public_acls": true,
            "block_public_policy": true,
            "bucket": "driven-data-bucket-mykhailo-task5",
            "id": "driven-data-bucket-mykhailo-task5",
            "ignore_public_acls": true,
            "region": "eu-central-1",
            "restrict_public_buckets": true
          },
          "sensitive_attributes": [],
          "identity_schema_version": 0,
          "private": "bnVsbA==",
          "dependencies": [
            "aws_s3_bucket.driven_data_bucket_mykhailo"
          ]
        }
      ]
    },
    {
      "mode": "managed",
      "type": "aws_s3_bucket_server_side_encryption_configuration",
      "name": "encryption_configuration",
      "provider": "provider[\"registry.terraform.io/hashicorp/aws\"]",
      "instances": [
        {
          "schema_version": 0,
          "attributes": {
            "bucket": "driven-data-bucket-mykhailo-task5",
            "expected_bucket_owner": "",
            "id": "driven-data-bucket-mykhailo-task5",
            "region": "eu-central-1",
            "rule": [
              {
                "apply_server_side_encryption_by_default": [
                  {
                    "kms_master_key_id": "",
                    "sse_algorithm": "AES256"
                  }
                ],
                "bucket_key_enabled": false
              }
            ]
          },
          "sensitive_attributes": [],
          "identity_schema_version": 0,
          "private": "bnVsbA==",
          "dependencies": [
            "aws_s3_bucket.driven_data_bucket_mykhailo"
          ]
        }
      ]
    },
    {
      "mode": "managed",
      "type": "aws_s3_bucket_versioning",
      "name": "s3_bucket_versioning",
      "provider": "provider[\"registry.terraform.io/hashicorp/aws\"]",
      "instances": [
        {
          "schema_version": 0,
          "attributes": {
            "bucket": "driven-data-bucket-mykhailo-task5",
            "expected_bucket_owner": "",
            "id": "driven-data-bucket-mykhailo-task5",
            "mfa": null,
            "region": "eu-central-1",
            "versioning_configuration": [
              {
                "mfa_delete": "",
                "status": "Enabled"
              }
            ]
          },
          "sensitive_attributes": [],
          "identity_schema_version": 0,
          "private": "bnVsbA==",
          "dependencies": [
            "aws_s3_bucket.driven_data_bucket_mykhailo"
          ]
        }
      ]
    },
    {
      "mode": "managed",
      "type": "aws_s3_object",
      "name": "copy_dags",
      "provider": "provider[\"registry.terraform.io/hashicorp/aws\"]",
      "instances": [
        {
          "index_key": "driven_data_pipeline.py",
          "schema_version": 0,
          "attributes": {
            "acl": null,
            "arn": "arn:aws:s3:::driven-data-bucket-mykhailo-task5/dags/driven_data_pipeline.py",
            "bucket": "driven-data-bucket-mykhailo-task5",
            "bucket_key_enabled": false,
            "cache_control": "",
            "checksum_algorithm": null,
            "checksum_crc32": "",
            "checksum_crc32c": "",
            "checksum_crc64nvme": "",
            "checksum_sha1": "",
            "checksum_sha256": "",
            "content": null,
            "content_base64": null,
            "content_disposition": "",
            "content_encoding": "",
            "content_language": "",
            "content_type": "application/octet-stream",
            "etag": "cb3b21152f82e8c0a79a4debc64eb5bc",
            "force_destroy": false,
            "id": "dags/driven_data_pipeline.py",
            "key": "dags/driven_data_pipeline.py",
            "kms_key_id": null,
            "metadata": {},
            "object_lock_legal_hold_status": "",
            "object_lock_mode": "",
            "object_lock_retain_until_date": "",
            "override_provider": [],
            "region": "eu-central-1",
            "server_side_encryption": "AES256",
            "source": "dags/driven_data_pipeline.py",
            "source_hash": null,
            "storage_class": "STANDARD",
            "tags": {},
            "tags_all": {},
            "version_id": "null",
            "website_redirect": ""
          },
          "sensitive_attributes": [],
          "identity_schema_version": 0,
          "private": "bnVsbA==",
          "dependencies": [
            "aws_s3_bucket.driven_data_bucket_mykhailo"
          ]
        }
      ]
    },
    {
      "mode": "managed",
      "type": "aws_s3_object",
      "name": "copy_requirements",
      "provider": "provider[\"registry.terraform.io/hashicorp/aws\"]",
      "instances": [
        {
          "index_key": "requirements.txt",
          "schema_version": 0,
          "attributes": {
            "acl": null,
            "arn": "arn:aws:s3:::driven-data-bucket-mykhailo-task5/requirements.txt",
            "bucket": "driven-data-bucket-mykhailo-task5",
            "bucket_key_enabled": false,
            "cache_control": "",
            "checksum_algorithm": null,
            "checksum_crc32": "",
            "checksum_crc32c": "",
            "checksum_crc64nvme": "",
            "checksum_sha1": "",
            "checksum_sha256": "",
            "content": null,
            "content_base64": null,
            "content_disposition": "",
            "content_encoding": "",
            "content_language": "",
            "content_type": "application/octet-stream",
            "etag": "a6f000bff5518248ee8baf21945c6143",
            "force_destroy": false,
            "id": "requirements.txt",
            "key": "requirements.txt",
            "kms_key_id": null,
            "metadata": {},
            "object_lock_legal_hold_status": "",
            "object_lock_mode": "",
            "object_lock_retain_until_date": "",
            "override_provider": [],
            "region": "eu-central-1",
            "server_side_encryption": "AES256",
            "source": "requirements/requirements.txt",
            "source_hash": null,
            "storage_class": "STANDARD",
            "tags": {},
            "tags_all": {},
            "version_id": "2QUDU0XK.Sgk9WX2m_NnAww.KJLRa0ct",
            "website_redirect": ""
          },
          "sensitive_attributes": [],
          "identity_schema_version": 0,
          "private": "bnVsbA==",
          "dependencies": [
            "aws_s3_bucket.driven_data_bucket_mykhailo"
          ]
        }
      ]
    },
    {
      "mode": "managed",
      "type": "aws_s3_object",
      "name": "copy_tasks",
      "provider": "provider[\"registry.terraform.io/hashicorp/aws\"]",
      "instances": [
        {
          "index_key": "dim_address.py",
          "schema_version": 0,
          "attributes": {
            "acl": null,
            "arn": "arn:aws:s3:::driven-data-bucket-mykhailo-task5/tasks/dim_address.py",
            "bucket": "driven-data-bucket-mykhailo-task5",
            "bucket_key_enabled": false,
            "cache_control": "",
            "checksum_algorithm": null,
            "checksum_crc32": "",
            "checksum_crc32c": "",
            "checksum_crc64nvme": "",
            "checksum_sha1": "",
            "checksum_sha256": "",
            "content": null,
            "content_base64": null,
            "content_disposition": "",
            "content_encoding": "",
            "content_language": "",
            "content_type": "application/octet-stream",
            "etag": "1f5db0003ac0b60d7f32546160bff248",
            "force_destroy": false,
            "id": "tasks/dim_address.py",
            "key": "tasks/dim_address.py",
            "kms_key_id": null,
            "metadata": {},
            "object_lock_legal_hold_status": "",
            "object_lock_mode": "",
            "object_lock_retain_until_date": "",
            "override_provider": [],
            "region": "eu-central-1",
            "server_side_encryption": "AES256",
            "source": "tasks/dim_address.py",
            "source_hash": null,
            "storage_class": "STANDARD",
            "tags": {},
            "tags_all": {},
            "version_id": "Xoa4emZv1RurA7WrA5L88MJ1k7aK8gZS",
            "website_redirect": ""
          },
          "sensitive_attributes": [],
          "identity_schema_version": 0,
          "private": "bnVsbA==",
          "dependencies": [
            "aws_s3_bucket.driven_data_bucket_mykhailo"
          ]
        },
        {
          "index_key": "dim_date.py",
          "schema_version": 0,
          "attributes": {
            "acl": null,
            "arn": "arn:aws:s3:::driven-data-bucket-mykhailo-task5/tasks/dim_date.py",
            "bucket": "driven-data-bucket-mykhailo-task5",
            "bucket_key_enabled": false,
            "cache_control": "",
            "checksum_algorithm": null,
            "checksum_crc32": "",
            "checksum_crc32c": "",
            "checksum_crc64nvme": "",
            "checksum_sha1": "",
            "checksum_sha256": "",
            "content": null,
            "content_base64": null,
            "content_disposition": "",
            "content_encoding": "",
            "content_language": "",
            "content_type": "application/octet-stream",
            "etag": "62f0fcf9c8ae71e3e097c265d31c33c1",
            "force_destroy": false,
            "id": "tasks/dim_date.py",
            "key": "tasks/dim_date.py",
            "kms_key_id": null,
            "metadata": {},
            "object_lock_legal_hold_status": "",
            "object_lock_mode": "",
            "object_lock_retain_until_date": "",
            "override_provider": [],
            "region": "eu-central-1",
            "server_side_encryption": "AES256",
            "source": "tasks/dim_date.py",
            "source_hash": null,
            "storage_class": "STANDARD",
            "tags": {},
            "tags_all": {},
            "version_id": "hy7sguLBBVwcipfZU6mJzpMrGGaQlR6P",
            "website_redirect": ""
          },
          "sensitive_attributes": [],
          "identity_schema_version": 0,
          "private": "bnVsbA==",
          "dependencies": [
            "aws_s3_bucket.driven_data_bucket_mykhailo"
          ]
        },
        {
          "index_key": "dim_finance.py",
          "schema_version": 0,
          "attributes": {
            "acl": null,
            "arn": "arn:aws:s3:::driven-data-bucket-mykhailo-task5/tasks/dim_finance.py",
            "bucket": "driven-data-bucket-mykhailo-task5",
            "bucket_key_enabled": false,
            "cache_control": "",
            "checksum_algorithm": null,
            "checksum_crc32": "",
            "checksum_crc32c": "",
            "checksum_crc64nvme": "",
            "checksum_sha1": "",
            "checksum_sha256": "",
            "content": null,
            "content_base64": null,
            "content_disposition": "",
            "content_encoding": "",
            "content_language": "",
            "content_type": "application/octet-stream",
            "etag": "eb67be954bc6aa243540857210e8f6ff",
            "force_destroy": false,
            "id": "tasks/dim_finance.py",
            "key": "tasks/dim_finance.py",
            "kms_key_id": null,
            "metadata": {},
            "object_lock_legal_hold_status": "",
            "object_lock_mode": "",
            "object_lock_retain_until_date": "",
            "override_provider": [],
            "region": "eu-central-1",
            "server_side_encryption": "AES256",
            "source": "tasks/dim_finance.py",
            "source_hash": null,
            "storage_class": "STANDARD",
            "tags": {},
            "tags_all": {},
            "version_id": "wXJCUz.EdVdFs1Ax.9QrTb3US1v.thPC",
            "website_redirect": ""
          },
          "sensitive_attributes": [],
          "identity_schema_version": 0,
          "private": "bnVsbA==",
          "dependencies": [
            "aws_s3_bucket.driven_data_bucket_mykhailo"
          ]
        },
        {
          "index_key": "dim_person.py",
          "schema_version": 0,
          "attributes": {
            "acl": null,
            "arn": "arn:aws:s3:::driven-data-bucket-mykhailo-task5/tasks/dim_person.py",
            "bucket": "driven-data-bucket-mykhailo-task5",
            "bucket_key_enabled": false,
            "cache_control": "",
            "checksum_algorithm": null,
            "checksum_crc32": "",
            "checksum_crc32c": "",
            "checksum_crc64nvme": "",
            "checksum_sha1": "",
            "checksum_sha256": "",
            "content": null,
            "content_base64": null,
            "content_disposition": "",
            "content_encoding": "",
            "content_language": "",
            "content_type": "application/octet-stream",
            "etag": "fcea04b1af94faf5f4c34dccf53558d7",
            "force_destroy": false,
            "id": "tasks/dim_person.py",
            "key": "tasks/dim_person.py",
            "kms_key_id": null,
            "metadata": {},
            "object_lock_legal_hold_status": "",
            "object_lock_mode": "",
            "object_lock_retain_until_date": "",
            "override_provider": [],
            "region": "eu-central-1",
            "server_side_encryption": "AES256",
            "source": "tasks/dim_person.py",
            "source_hash": null,
            "storage_class": "STANDARD",
            "tags": {},
            "tags_all": {},
            "version_id": "23zqOlyrxdHO11H0iTmg7SRX1e_kVkmv",
            "website_redirect": ""
          },
          "sensitive_attributes": [],
          "identity_schema_version": 0,
          "private": "bnVsbA==",
          "dependencies": [
            "aws_s3_bucket.driven_data_bucket_mykhailo"
          ]
        },
        {
          "index_key": "fact_network_usage.py",
          "schema_version": 0,
          "attributes": {
            "acl": null,
            "arn": "arn:aws:s3:::driven-data-bucket-mykhailo-task5/tasks/fact_network_usage.py",
            "bucket": "driven-data-bucket-mykhailo-task5",
            "bucket_key_enabled": false,
            "cache_control": "",
            "checksum_algorithm": null,
            "checksum_crc32": "",
            "checksum_crc32c": "",
            "checksum_crc64nvme": "",
            "checksum_sha1": "",
            "checksum_sha256": "",
            "content": null,
            "content_base64": null,
            "content_disposition": "",
            "content_encoding": "",
            "content_language": "",
            "content_type": "application/octet-stream",
            "etag": "22cdb3904049f5a6d089bfe1980be73f",
            "force_destroy": false,
            "id": "tasks/fact_network_usage.py",
            "key": "tasks/fact_network_usage.py",
            "kms_key_id": null,
            "metadata": {},
            "object_lock_legal_hold_status": "",
            "object_lock_mode": "",
            "object_lock_retain_until_date": "",
            "override_provider": [],
            "region": "eu-central-1",
            "server_side_encryption": "AES256",
            "source": "tasks/fact_network_usage.py",
            "source_hash": null,
            "storage_class": "STANDARD",
            "tags": {},
            "tags_all": {},
            "version_id": "WZQhXf82SXuiDkDkawAC67AgKPKU5LN1",
            "website_redirect": ""
          },
          "sensitive_attributes": [],
          "identity_schema_version": 0,
          "private": "bnVsbA==",
          "dependencies": [
            "aws_s3_bucket.driven_data_bucket_mykhailo"
          ]
        }
      ]
    },
    {
      "mode": "managed",
      "type": "aws_security_group",
      "name": "mwaa_sg",
      "provider": "provider[\"registry.terraform.io/hashicorp/aws\"]",
      "instances": [
        {
          "schema_version": 1,
          "attributes": {
            "arn": "arn:aws:ec2:eu-central-1:562559070924:security-group/sg-0d77f260b76c080fc",
            "description": "Allow HTTPS access to MWAA UI",
            "egress": [
              {
                "cidr_blocks": [
                  "0.0.0.0/0"
                ],
                "description": "",
                "from_port": 0,
                "ipv6_cidr_blocks": [],
                "prefix_list_ids": [],
                "protocol": "-1",
                "security_groups": [],
                "self": false,
                "to_port": 0
              }
            ],
            "id": "sg-0d77f260b76c080fc",
            "ingress": [
              {
                "cidr_blocks": [
                  "109.207.116.217/32"
                ],
                "description": "",
                "from_port": 443,
                "ipv6_cidr_blocks": [],
                "prefix_list_ids": [],
                "protocol": "tcp",
                "security_groups": [],
                "self": false,
                "to_port": 443
              }
            ],
            "name": "driven_data-mwaa-sg",
            "name_prefix": "",
            "owner_id": "562559070924",
            "region": "eu-central-1",
            "revoke_rules_on_delete": false,
            "tags": {
              "Name": "driven_data-mwaa-sg"
            },
            "tags_all": {
              "Name": "driven_data-mwaa-sg"
            },
            "timeouts": null,
            "vpc_id": "vpc-072d3eba6a11059e9"
          },
          "sensitive_attributes": [],
          "identity_schema_version": 0,
          "private": "eyJlMmJmYjczMC1lY2FhLTExZTYtOGY4OC0zNDM2M2JjN2M0YzAiOnsiY3JlYXRlIjo2MDAwMDAwMDAwMDAsImRlbGV0ZSI6OTAwMDAwMDAwMDAwfSwic2NoZW1hX3ZlcnNpb24iOiIxIn0=",
          "dependencies": [
            "aws_vpc.mwaa_vpc"
          ]
        }
      ]
    },
    {
      "mode": "managed",
      "type": "aws_subnet",
      "name": "private_subnet_1",
      "provider": "provider[\"registry.terraform.io/hashicorp/aws\"]",
      "instances": [
        {
          "schema_version": 1,
          "attributes": {
            "arn": "arn:aws:ec2:eu-central-1:562559070924:subnet/subnet-0252d867162257d09",
            "assign_ipv6_address_on_creation": false,
            "availability_zone": "eu-central-1a",
            "availability_zone_id": "euc1-az2",
            "cidr_block": "10.0.1.0/24",
            "customer_owned_ipv4_pool": "",
            "enable_dns64": false,
            "enable_lni_at_device_index": 0,
            "enable_resource_name_dns_a_record_on_launch": false,
            "enable_resource_name_dns_aaaa_record_on_launch": false,
            "id": "subnet-0252d867162257d09",
            "ipv6_cidr_block": "",
            "ipv6_cidr_block_association_id": "",
            "ipv6_native": false,
            "map_customer_owned_ip_on_launch": false,
            "map_public_ip_on_launch": false,
            "outpost_arn": "",
            "owner_id": "562559070924",
            "private_dns_hostname_type_on_launch": "ip-name",
            "region": "eu-central-1",
            "tags": {
              "Name": "driven_data-private-1"
            },
            "tags_all": {
              "Name": "driven_data-private-1"
            },
            "timeouts": null,
            "vpc_id": "vpc-072d3eba6a11059e9"
          },
          "sensitive_attributes": [],
          "identity_schema_version": 0,
          "private": "eyJlMmJmYjczMC1lY2FhLTExZTYtOGY4OC0zNDM2M2JjN2M0YzAiOnsiY3JlYXRlIjo2MDAwMDAwMDAwMDAsImRlbGV0ZSI6MTIwMDAwMDAwMDAwMH0sInNjaGVtYV92ZXJzaW9uIjoiMSJ9",
          "dependencies": [
            "aws_vpc.mwaa_vpc"
          ]
        }
      ]
    },
    {
      "mode": "managed",
      "type": "aws_subnet",
      "name": "private_subnet_2",
      "provider": "provider[\"registry.terraform.io/hashicorp/aws\"]",
      "instances": [
        {
          "schema_version": 1,
          "attributes": {
            "arn": "arn:aws:ec2:eu-central-1:562559070924:subnet/subnet-0b16521b91001e1c0",
            "assign_ipv6_address_on_creation": false,
            "availability_zone": "eu-central-1b",
            "availability_zone_id": "euc1-az3",
            "cidr_block": "10.0.2.0/24",
            "customer_owned_ipv4_pool": "",
            "enable_dns64": false,
            "enable_lni_at_device_index": 0,
            "enable_resource_name_dns_a_record_on_launch": false,
            "enable_resource_name_dns_aaaa_record_on_launch": false,
            "id": "subnet-0b16521b91001e1c0",
            "ipv6_cidr_block": "",
            "ipv6_cidr_block_association_id": "",
            "ipv6_native": false,
            "map_customer_owned_ip_on_launch": false,
            "map_public_ip_on_launch": false,
            "outpost_arn": "",
            "owner_id": "562559070924",
            "private_dns_hostname_type_on_launch": "ip-name",
            "region": "eu-central-1",
            "tags": {
              "Name": "driven_data-private-2"
            },
            "tags_all": {
              "Name": "driven_data-private-2"
            },
            "timeouts": null,
            "vpc_id": "vpc-072d3eba6a11059e9"
          },
          "sensitive_attributes": [],
          "identity_schema_version": 0,
          "private": "eyJlMmJmYjczMC1lY2FhLTExZTYtOGY4OC0zNDM2M2JjN2M0YzAiOnsiY3JlYXRlIjo2MDAwMDAwMDAwMDAsImRlbGV0ZSI6MTIwMDAwMDAwMDAwMH0sInNjaGVtYV92ZXJzaW9uIjoiMSJ9",
          "dependencies": [
            "aws_vpc.mwaa_vpc"
          ]
        }
      ]
    },
    {
      "mode": "managed",
      "type": "aws_subnet",
      "name": "public_subnet_1",
      "provider": "provider[\"registry.terraform.io/hashicorp/aws\"]",
      "instances": [
        {
          "schema_version": 1,
          "attributes": {
            "arn": "arn:aws:ec2:eu-central-1:562559070924:subnet/subnet-0cb32350616d3160f",
            "assign_ipv6_address_on_creation": false,
            "availability_zone": "eu-central-1a",
            "availability_zone_id": "euc1-az2",
            "cidr_block": "10.0.3.0/24",
            "customer_owned_ipv4_pool": "",
            "enable_dns64": false,
            "enable_lni_at_device_index": 0,
            "enable_resource_name_dns_a_record_on_launch": false,
            "enable_resource_name_dns_aaaa_record_on_launch": false,
            "id": "subnet-0cb32350616d3160f",
            "ipv6_cidr_block": "",
            "ipv6_cidr_block_association_id": "",
            "ipv6_native": false,
            "map_customer_owned_ip_on_launch": false,
            "map_public_ip_on_launch": true,
            "outpost_arn": "",
            "owner_id": "562559070924",
            "private_dns_hostname_type_on_launch": "ip-name",
            "region": "eu-central-1",
            "tags": {
              "Name": "driven_data-public-1"
            },
            "tags_all": {
              "Name": "driven_data-public-1"
            },
            "timeouts": null,
            "vpc_id": "vpc-072d3eba6a11059e9"
          },
          "sensitive_attributes": [],
          "identity_schema_version": 0,
          "private": "eyJlMmJmYjczMC1lY2FhLTExZTYtOGY4OC0zNDM2M2JjN2M0YzAiOnsiY3JlYXRlIjo2MDAwMDAwMDAwMDAsImRlbGV0ZSI6MTIwMDAwMDAwMDAwMH0sInNjaGVtYV92ZXJzaW9uIjoiMSJ9",
          "dependencies": [
            "aws_vpc.mwaa_vpc"
          ]
        }
      ]
    },
    {
      "mode": "managed",
      "type": "aws_subnet",
      "name": "public_subnet_2",
      "provider": "provider[\"registry.terraform.io/hashicorp/aws\"]",
      "instances": [
        {
          "schema_version": 1,
          "attributes": {
            "arn": "arn:aws:ec2:eu-central-1:562559070924:subnet/subnet-0c5d215846d948826",
            "assign_ipv6_address_on_creation": false,
            "availability_zone": "eu-central-1b",
            "availability_zone_id": "euc1-az3",
            "cidr_block": "10.0.4.0/24",
            "customer_owned_ipv4_pool": "",
            "enable_dns64": false,
            "enable_lni_at_device_index": 0,
            "enable_resource_name_dns_a_record_on_launch": false,
            "enable_resource_name_dns_aaaa_record_on_launch": false,
            "id": "subnet-0c5d215846d948826",
            "ipv6_cidr_block": "",
            "ipv6_cidr_block_association_id": "",
            "ipv6_native": false,
            "map_customer_owned_ip_on_launch": false,
            "map_public_ip_on_launch": true,
            "outpost_arn": "",
            "owner_id": "562559070924",
            "private_dns_hostname_type_on_launch": "ip-name",
            "region": "eu-central-1",
            "tags": {
              "Name": "driven_data-public-2"
            },
            "tags_all": {
              "Name": "driven_data-public-2"
            },
            "timeouts": null,
            "vpc_id": "vpc-072d3eba6a11059e9"
          },
          "sensitive_attributes": [],
          "identity_schema_version": 0,
          "private": "eyJlMmJmYjczMC1lY2FhLTExZTYtOGY4OC0zNDM2M2JjN2M0YzAiOnsiY3JlYXRlIjo2MDAwMDAwMDAwMDAsImRlbGV0ZSI6MTIwMDAwMDAwMDAwMH0sInNjaGVtYV92ZXJzaW9uIjoiMSJ9",
          "dependencies": [
            "aws_vpc.mwaa_vpc"
          ]
        }
      ]
    },
    {
      "mode": "managed",
      "type": "aws_vpc",
      "name": "mwaa_vpc",
      "provider": "provider[\"registry.terraform.io/hashicorp/aws\"]",
      "instances": [
        {
          "schema_version": 1,
          "attributes": {
            "arn": "arn:aws:ec2:eu-central-1:562559070924:vpc/vpc-072d3eba6a11059e9",
            "assign_generated_ipv6_cidr_block": false,
            "cidr_block": "10.0.0.0/16",
            "default_network_acl_id": "acl-0321282a0d05c4501",
            "default_route_table_id": "rtb-0cf2867617e09969f",
            "default_security_group_id": "sg-0610146dfb57aaf72",
            "dhcp_options_id": "dopt-0aa783f600208ebef",
            "enable_dns_hostnames": true,
            "enable_dns_support": true,
            "enable_network_address_usage_metrics": false,
            "id": "vpc-072d3eba6a11059e9",
            "instance_tenancy": "default",
            "ipv4_ipam_pool_id": null,
            "ipv4_netmask_length": null,
            "ipv6_association_id": "",
            "ipv6_cidr_block": "",
            "ipv6_cidr_block_network_border_group": "",
            "ipv6_ipam_pool_id": "",
            "ipv6_netmask_length": 0,
            "main_route_table_id": "rtb-0cf2867617e09969f",
            "owner_id": "562559070924",
            "region": "eu-central-1",
            "tags": {
              "Name": "driven_data"
            },
            "tags_all": {
              "Name": "driven_data"
            }
          },
          "sensitive_attributes": [],
          "identity_schema_version": 0,
          "private": "eyJzY2hlbWFfdmVyc2lvbiI6IjEifQ=="
        }
      ]
    }
  ],
  "check_results": null
}
