{
  "version": 4,
  "terraform_version": "1.12.2",
  "serial": 247,
  "lineage": "7a0c8a3c-e9ad-13e0-3799-d5a3897f8823",
  "outputs": {},
  "resources": [
    {
      "mode": "managed",
      "type": "aws_iam_role",
      "name": "mwaa_execution_role_mykhailo",
      "provider": "provider[\"registry.terraform.io/hashicorp/aws\"]",
      "instances": [
        {
          "schema_version": 0,
          "attributes": {
            "arn": "arn:aws:iam::562559070924:role/mwaa_execution_role_mykhailo",
            "assume_role_policy": "{\"Statement\":[{\"Action\":\"sts:AssumeRole\",\"Effect\":\"Allow\",\"Principal\":{\"Service\":[\"airflow.amazonaws.com\",\"airflow-env.amazonaws.com\"]}}],\"Version\":\"2012-10-17\"}",
            "create_date": "2025-06-19T18:38:24Z",
            "description": "Role for MWAA execution.",
            "force_detach_policies": false,
            "id": "mwaa_execution_role_mykhailo",
            "inline_policy": [],
            "managed_policy_arns": [
              "arn:aws:iam::562559070924:policy/mwaa_execution_policy_mykhailo"
            ],
            "max_session_duration": 3600,
            "name": "mwaa_execution_role_mykhailo",
            "name_prefix": "",
            "path": "/",
            "permissions_boundary": "",
            "tags": {
              "Name": "driven_data"
            },
            "tags_all": {
              "Name": "driven_data"
            },
            "unique_id": "AROAYF6ZCGLGMTNFAIRS5"
          },
          "sensitive_attributes": [],
          "identity_schema_version": 0,
          "identity": {
            "account_id": "562559070924",
            "name": "mwaa_execution_role_mykhailo"
          },
          "private": "bnVsbA=="
        }
      ]
    },
    {
      "mode": "managed",
      "type": "aws_mwaa_environment",
      "name": "mwaa_env",
      "provider": "provider[\"registry.terraform.io/hashicorp/aws\"]",
      "instances": [
        {
          "status": "tainted",
          "schema_version": 0,
          "attributes": {
            "airflow_configuration_options": {},
            "airflow_version": "2.9.2",
            "arn": "arn:aws:airflow:eu-central-1:562559070924:environment/driven-data-airflow-environment-mykhailo-task5",
            "created_at": "2025-06-19 20:30:33 +0000 UTC",
            "dag_s3_path": "dags",
            "database_vpc_endpoint_service": "",
            "endpoint_management": "SERVICE",
            "environment_class": "mw1.small",
            "execution_role_arn": "arn:aws:iam::562559070924:role/mwaa_execution_role_mykhailo",
            "id": "driven-data-airflow-environment-mykhailo-task5",
            "kms_key": "",
            "last_updated": [
              {
                "created_at": "2025-06-19 20:30:33 +0000 UTC",
                "error": [],
                "status": "PENDING"
              }
            ],
            "logging_configuration": [
              {
                "dag_processing_logs": [
                  {
                    "cloud_watch_log_group_arn": "",
                    "enabled": true,
                    "log_level": "INFO"
                  }
                ],
                "scheduler_logs": [
                  {
                    "cloud_watch_log_group_arn": "",
                    "enabled": true,
                    "log_level": "INFO"
                  }
                ],
                "task_logs": [
                  {
                    "cloud_watch_log_group_arn": "",
                    "enabled": true,
                    "log_level": "INFO"
                  }
                ],
                "webserver_logs": [
                  {
                    "cloud_watch_log_group_arn": "",
                    "enabled": true,
                    "log_level": "INFO"
                  }
                ],
                "worker_logs": [
                  {
                    "cloud_watch_log_group_arn": "",
                    "enabled": true,
                    "log_level": "INFO"
                  }
                ]
              }
            ],
            "max_webservers": 2,
            "max_workers": 5,
            "min_webservers": 2,
            "min_workers": 1,
            "name": "driven-data-airflow-environment-mykhailo-task5",
            "network_configuration": [
              {
                "security_group_ids": [
                  "sg-0d77f260b76c080fc"
                ],
                "subnet_ids": [
                  "subnet-0252d867162257d09",
                  "subnet-0b16521b91001e1c0"
                ]
              }
            ],
            "plugins_s3_object_version": "",
            "plugins_s3_path": "",
            "region": "eu-central-1",
            "requirements_s3_object_version": "2QUDU0XK.Sgk9WX2m_NnAww.KJLRa0ct",
            "requirements_s3_path": "requirements.txt",
            "schedulers": 2,
            "service_role_arn": "arn:aws:iam::562559070924:role/aws-service-role/airflow.amazonaws.com/AWSServiceRoleForAmazonMWAA",
            "source_bucket_arn": "arn:aws:s3:::driven-data-bucket-mykhailo-task5",
            "startup_script_s3_object_version": "",
            "startup_script_s3_path": "",
            "status": "CREATING",
            "tags": {
              "Name": "driven_data"
            },
            "tags_all": {
              "Name": "driven_data"
            },
            "timeouts": null,
            "webserver_access_mode": "PUBLIC_ONLY",
            "webserver_url": "",
            "webserver_vpc_endpoint_service": "",
            "weekly_maintenance_window_start": "THU:22:00"
          },
          "sensitive_attributes": [
            [
              {
                "type": "get_attr",
                "value": "airflow_configuration_options"
              }
            ]
          ],
          "identity_schema_version": 0,
          "private": "eyJlMmJmYjczMC1lY2FhLTExZTYtOGY4OC0zNDM2M2JjN2M0YzAiOnsiY3JlYXRlIjo3MjAwMDAwMDAwMDAwLCJkZWxldGUiOjU0MDAwMDAwMDAwMDAsInVwZGF0ZSI6NTQwMDAwMDAwMDAwMH19",
          "dependencies": [
            "aws_iam_role.mwaa_execution_role_mykhailo",
            "aws_s3_bucket.driven_data_bucket_mykhailo",
            "aws_security_group.mwaa_sg",
            "aws_subnet.private_subnet_1",
            "aws_subnet.private_subnet_2",
            "aws_vpc.mwaa_vpc"
          ]
        }
      ]
    },
    {
      "mode": "managed",
      "type": "aws_s3_bucket",
      "name": "driven_data_bucket_mykhailo",
      "provider": "provider[\"registry.terraform.io/hashicorp/aws\"]",
      "instances": [
        {
          "schema_version": 0,
          "attributes": {
            "acceleration_status": "",
            "acl": null,
            "arn": "arn:aws:s3:::driven-data-bucket-mykhailo-task5",
            "bucket": "driven-data-bucket-mykhailo-task5",
            "bucket_domain_name": "driven-data-bucket-mykhailo-task5.s3.amazonaws.com",
            "bucket_prefix": "",
            "bucket_region": "eu-central-1",
            "bucket_regional_domain_name": "driven-data-bucket-mykhailo-task5.s3.eu-central-1.amazonaws.com",
            "cors_rule": [],
            "force_destroy": false,
            "grant": [
              {
                "id": "79b559550e1406893e23aad8a14fe03bd041e359e02a66b75ee779a346f859be",
                "permissions": [
                  "FULL_CONTROL"
                ],
                "type": "CanonicalUser",
                "uri": ""
              }
            ],
            "hosted_zone_id": "Z21DNDUVLTQW6Q",
            "id": "driven-data-bucket-mykhailo-task5",
            "lifecycle_rule": [],
            "logging": [],
            "object_lock_configuration": [],
            "object_lock_enabled": false,
            "policy": "",
            "region": "eu-central-1",
            "replication_configuration": [],
            "request_payer": "BucketOwner",
            "server_side_encryption_configuration": [
              {
                "rule": [
                  {
                    "apply_server_side_encryption_by_default": [
                      {
                        "kms_master_key_id": "",
                        "sse_algorithm": "AES256"
                      }
                    ],
                    "bucket_key_enabled": false
                  }
                ]
              }
            ],
            "tags": {
              "Name": "driven_data"
            },
            "tags_all": {
              "Name": "driven_data"
            },
            "timeouts": null,
            "versioning": [
              {
                "enabled": true,
                "mfa_delete": false
              }
            ],
            "website": [],
            "website_domain": null,
            "website_endpoint": null
          },
          "sensitive_attributes": [],
          "identity_schema_version": 0,
          "identity": {
            "account_id": "562559070924",
            "bucket": "driven-data-bucket-mykhailo-task5",
            "region": "eu-central-1"
          },
          "private": "eyJlMmJmYjczMC1lY2FhLTExZTYtOGY4OC0zNDM2M2JjN2M0YzAiOnsiY3JlYXRlIjoxMjAwMDAwMDAwMDAwLCJkZWxldGUiOjM2MDAwMDAwMDAwMDAsInJlYWQiOjEyMDAwMDAwMDAwMDAsInVwZGF0ZSI6MTIwMDAwMDAwMDAwMH19"
        }
      ]
    },
    {
      "mode": "managed",
      "type": "aws_security_group",
      "name": "mwaa_sg",
      "provider": "provider[\"registry.terraform.io/hashicorp/aws\"]",
      "instances": [
        {
          "schema_version": 1,
          "attributes": {
            "arn": "arn:aws:ec2:eu-central-1:562559070924:security-group/sg-0d77f260b76c080fc",
            "description": "Allow HTTPS access to MWAA UI",
            "egress": [
              {
                "cidr_blocks": [
                  "0.0.0.0/0"
                ],
                "description": "",
                "from_port": 0,
                "ipv6_cidr_blocks": [],
                "prefix_list_ids": [],
                "protocol": "-1",
                "security_groups": [],
                "self": false,
                "to_port": 0
              }
            ],
            "id": "sg-0d77f260b76c080fc",
            "ingress": [
              {
                "cidr_blocks": [
                  "109.207.116.217/32"
                ],
                "description": "",
                "from_port": 443,
                "ipv6_cidr_blocks": [],
                "prefix_list_ids": [],
                "protocol": "tcp",
                "security_groups": [],
                "self": false,
                "to_port": 443
              }
            ],
            "name": "driven_data-mwaa-sg",
            "name_prefix": "",
            "owner_id": "562559070924",
            "region": "eu-central-1",
            "revoke_rules_on_delete": false,
            "tags": {
              "Name": "driven_data-mwaa-sg"
            },
            "tags_all": {
              "Name": "driven_data-mwaa-sg"
            },
            "timeouts": null,
            "vpc_id": "vpc-072d3eba6a11059e9"
          },
          "sensitive_attributes": [],
          "identity_schema_version": 0,
          "private": "eyJlMmJmYjczMC1lY2FhLTExZTYtOGY4OC0zNDM2M2JjN2M0YzAiOnsiY3JlYXRlIjo2MDAwMDAwMDAwMDAsImRlbGV0ZSI6OTAwMDAwMDAwMDAwfSwic2NoZW1hX3ZlcnNpb24iOiIxIn0=",
          "dependencies": [
            "aws_vpc.mwaa_vpc"
          ]
        }
      ]
    },
    {
      "mode": "managed",
      "type": "aws_subnet",
      "name": "private_subnet_1",
      "provider": "provider[\"registry.terraform.io/hashicorp/aws\"]",
      "instances": [
        {
          "schema_version": 1,
          "attributes": {
            "arn": "arn:aws:ec2:eu-central-1:562559070924:subnet/subnet-0252d867162257d09",
            "assign_ipv6_address_on_creation": false,
            "availability_zone": "eu-central-1a",
            "availability_zone_id": "euc1-az2",
            "cidr_block": "10.0.1.0/24",
            "customer_owned_ipv4_pool": "",
            "enable_dns64": false,
            "enable_lni_at_device_index": 0,
            "enable_resource_name_dns_a_record_on_launch": false,
            "enable_resource_name_dns_aaaa_record_on_launch": false,
            "id": "subnet-0252d867162257d09",
            "ipv6_cidr_block": "",
            "ipv6_cidr_block_association_id": "",
            "ipv6_native": false,
            "map_customer_owned_ip_on_launch": false,
            "map_public_ip_on_launch": false,
            "outpost_arn": "",
            "owner_id": "562559070924",
            "private_dns_hostname_type_on_launch": "ip-name",
            "region": "eu-central-1",
            "tags": {
              "Name": "driven_data-private-1"
            },
            "tags_all": {
              "Name": "driven_data-private-1"
            },
            "timeouts": null,
            "vpc_id": "vpc-072d3eba6a11059e9"
          },
          "sensitive_attributes": [],
          "identity_schema_version": 0,
          "private": "eyJlMmJmYjczMC1lY2FhLTExZTYtOGY4OC0zNDM2M2JjN2M0YzAiOnsiY3JlYXRlIjo2MDAwMDAwMDAwMDAsImRlbGV0ZSI6MTIwMDAwMDAwMDAwMH0sInNjaGVtYV92ZXJzaW9uIjoiMSJ9",
          "dependencies": [
            "aws_vpc.mwaa_vpc"
          ]
        }
      ]
    },
    {
      "mode": "managed",
      "type": "aws_subnet",
      "name": "private_subnet_2",
      "provider": "provider[\"registry.terraform.io/hashicorp/aws\"]",
      "instances": [
        {
          "schema_version": 1,
          "attributes": {
            "arn": "arn:aws:ec2:eu-central-1:562559070924:subnet/subnet-0b16521b91001e1c0",
            "assign_ipv6_address_on_creation": false,
            "availability_zone": "eu-central-1b",
            "availability_zone_id": "euc1-az3",
            "cidr_block": "10.0.2.0/24",
            "customer_owned_ipv4_pool": "",
            "enable_dns64": false,
            "enable_lni_at_device_index": 0,
            "enable_resource_name_dns_a_record_on_launch": false,
            "enable_resource_name_dns_aaaa_record_on_launch": false,
            "id": "subnet-0b16521b91001e1c0",
            "ipv6_cidr_block": "",
            "ipv6_cidr_block_association_id": "",
            "ipv6_native": false,
            "map_customer_owned_ip_on_launch": false,
            "map_public_ip_on_launch": false,
            "outpost_arn": "",
            "owner_id": "562559070924",
            "private_dns_hostname_type_on_launch": "ip-name",
            "region": "eu-central-1",
            "tags": {
              "Name": "driven_data-private-2"
            },
            "tags_all": {
              "Name": "driven_data-private-2"
            },
            "timeouts": null,
            "vpc_id": "vpc-072d3eba6a11059e9"
          },
          "sensitive_attributes": [],
          "identity_schema_version": 0,
          "private": "eyJlMmJmYjczMC1lY2FhLTExZTYtOGY4OC0zNDM2M2JjN2M0YzAiOnsiY3JlYXRlIjo2MDAwMDAwMDAwMDAsImRlbGV0ZSI6MTIwMDAwMDAwMDAwMH0sInNjaGVtYV92ZXJzaW9uIjoiMSJ9",
          "dependencies": [
            "aws_vpc.mwaa_vpc"
          ]
        }
      ]
    },
    {
      "mode": "managed",
      "type": "aws_vpc",
      "name": "mwaa_vpc",
      "provider": "provider[\"registry.terraform.io/hashicorp/aws\"]",
      "instances": [
        {
          "schema_version": 1,
          "attributes": {
            "arn": "arn:aws:ec2:eu-central-1:562559070924:vpc/vpc-072d3eba6a11059e9",
            "assign_generated_ipv6_cidr_block": false,
            "cidr_block": "10.0.0.0/16",
            "default_network_acl_id": "acl-0321282a0d05c4501",
            "default_route_table_id": "rtb-0cf2867617e09969f",
            "default_security_group_id": "sg-0610146dfb57aaf72",
            "dhcp_options_id": "dopt-0aa783f600208ebef",
            "enable_dns_hostnames": true,
            "enable_dns_support": true,
            "enable_network_address_usage_metrics": false,
            "id": "vpc-072d3eba6a11059e9",
            "instance_tenancy": "default",
            "ipv4_ipam_pool_id": null,
            "ipv4_netmask_length": null,
            "ipv6_association_id": "",
            "ipv6_cidr_block": "",
            "ipv6_cidr_block_network_border_group": "",
            "ipv6_ipam_pool_id": "",
            "ipv6_netmask_length": 0,
            "main_route_table_id": "rtb-0cf2867617e09969f",
            "owner_id": "562559070924",
            "region": "eu-central-1",
            "tags": {
              "Name": "driven_data"
            },
            "tags_all": {
              "Name": "driven_data"
            }
          },
          "sensitive_attributes": [],
          "identity_schema_version": 0,
          "private": "eyJzY2hlbWFfdmVyc2lvbiI6IjEifQ=="
        }
      ]
    }
  ],
  "check_results": null
}
